
Microsoft Visual Studio Solution File, Format Version 12.00
# Visual Studio Version 17
VisualStudioVersion = 17.4.33006.217
MinimumVisualStudioVersion = 10.0.40219.1
Project("{FAE04EC0-301F-11D3-BF4B-00C04F79EFBC}") = "EfCore-Sample", "EfCore-Sample\EfCore-Sample.csproj", "{950C8321-AC8E-433E-B0B7-DA4D18F33C28}"
EndProject
Global
	GlobalSection(SolutionConfigurationPlatforms) = preSolution
		Debug|Any CPU = Debug|Any CPU
		Release|Any CPU = Release|Any CPU
	EndGlobalSection
	GlobalSection(ProjectConfigurationPlatforms) = postSolution
		{950C8321-AC8E-433E-B0B7-DA4D18F33C28}.Debug|Any CPU.ActiveCfg = Debug|Any CPU
		{950C8321-AC8E-433E-B0B7-DA4D18F33C28}.Debug|Any CPU.Build.0 = Debug|Any CPU
		{950C8321-AC8E-433E-B0B7-DA4D18F33C28}.Release|Any CPU.ActiveCfg = Release|Any CPU
		{950C8321-AC8E-433E-B0B7-DA4D18F33C28}.Release|Any CPU.Build.0 = Release|Any CPU
	EndGlobalSection
	GlobalSection(SolutionProperties) = preSolution
		HideSolutionNode = FALSE
	EndGlobalSection
	GlobalSection(ExtensibilityGlobals) = postSolution
		SolutionGuid = {B0F5FFD7-09B6-4E8D-8B56-1A950B062AB0}
	EndGlobalSection
EndGlobal
